
Microsoft Visual Studio Solution File, Format Version 12.00
# Visual Studio 2012
Project("{FAE04EC0-301F-11D3-BF4B-00C04F79EFBC}") = "PrjCalculadora", "PrjCalculadora\PrjCalculadora.csproj", "{53AD3E44-2FE4-480A-BD9B-EB5AE4D8F58F}"
EndProject
Global
	GlobalSection(SolutionConfigurationPlatforms) = preSolution
		Debug|Any CPU = Debug|Any CPU
		Release|Any CPU = Release|Any CPU
	EndGlobalSection
	GlobalSection(ProjectConfigurationPlatforms) = postSolution
		{53AD3E44-2FE4-480A-BD9B-EB5AE4D8F58F}.Debug|Any CPU.ActiveCfg = Debug|Any CPU
		{53AD3E44-2FE4-480A-BD9B-EB5AE4D8F58F}.Debug|Any CPU.Build.0 = Debug|Any CPU
		{53AD3E44-2FE4-480A-BD9B-EB5AE4D8F58F}.Release|Any CPU.ActiveCfg = Release|Any CPU
		{53AD3E44-2FE4-480A-BD9B-EB5AE4D8F58F}.Release|Any CPU.Build.0 = Release|Any CPU
	EndGlobalSection
	GlobalSection(SolutionProperties) = preSolution
		HideSolutionNode = FALSE
	EndGlobalSection
EndGlobal
